
Microsoft Visual Studio Solution File, Format Version 12.00
# Visual Studio Version 17
VisualStudioVersion = 17.2.32630.192
MinimumVisualStudioVersion = 10.0.40219.1
Project("{FAE04EC0-301F-11D3-BF4B-00C04F79EFBC}") = "SportsTest", "SportsTest.csproj", "{2DAB9CA1-3249-4F35-BE60-893F371DDDD6}"
EndProject
Global
	GlobalSection(SolutionConfigurationPlatforms) = preSolution
		Debug|Any CPU = Debug|Any CPU
		Release|Any CPU = Release|Any CPU
	EndGlobalSection
	GlobalSection(ProjectConfigurationPlatforms) = postSolution
		{2DAB9CA1-3249-4F35-BE60-893F371DDDD6}.Debug|Any CPU.ActiveCfg = Debug|Any CPU
		{2DAB9CA1-3249-4F35-BE60-893F371DDDD6}.Debug|Any CPU.Build.0 = Debug|Any CPU
		{2DAB9CA1-3249-4F35-BE60-893F371DDDD6}.Release|Any CPU.ActiveCfg = Release|Any CPU
		{2DAB9CA1-3249-4F35-BE60-893F371DDDD6}.Release|Any CPU.Build.0 = Release|Any CPU
	EndGlobalSection
	GlobalSection(SolutionProperties) = preSolution
		HideSolutionNode = FALSE
	EndGlobalSection
	GlobalSection(ExtensibilityGlobals) = postSolution
		SolutionGuid = {B9E24BCB-7AD2-4A43-92BA-234F9C91D6F9}
	EndGlobalSection
EndGlobal
